<?xml version="1.0" encoding="utf-8"?>
<Project ToolsVersion="4.0" xmlns="http://schemas.microsoft.com/developer/msbuild/2003">
  <ItemGroup>
    <Filter Include="Source Files">
      <UniqueIdentifier>{80a8eb43-da5e-4d3f-bd60-8179c97c5c56}</UniqueIdentifier>
      <Extensions>cpp;c;cxx;rc;def;r;odl;idl;hpj;bat</Extensions>
    </Filter>
    <Filter Include="Header Files">
      <UniqueIdentifier>{6c77ed7e-bf21-4c70-a727-6797c52e50d6}</UniqueIdentifier>
      <Extensions>h;hpp;hxx;hm;inl</Extensions>
    </Filter>
    <Filter Include="Resource Files">
      <UniqueIdentifier>{8e044647-71ff-4839-b6fb-22d8256ebf60}</UniqueIdentifier>
      <Extensions>ico;cur;bmp;dlg;rc2;rct;bin;rgs;gif;jpg;jpeg;jpe</Extensions>
    </Filter>
  </ItemGroup>
  <ItemGroup>
    <ClCompile Include="Lock.cpp">
      <Filter>Source Files</Filter>
    </ClCompile>
    <ClCompile Include="lwp.cpp">
      <Filter>Source Files</Filter>
    </ClCompile>
    <ClCompile Include="PTP Object.cpp">
      <Filter>Source Files</Filter>
    </ClCompile>
    <ClCompile Include="SafeInt.cpp">
      <Filter>Source Files</Filter>
    </ClCompile>
    <ClCompile Include="StdAfx.cpp">
      <Filter>Source Files</Filter>
    </ClCompile>
    <ClCompile Include="Thread.cpp">
      <Filter>Source Files</Filter>
    </ClCompile>
  </ItemGroup>
  <ItemGroup>
    <ClInclude Include="Lock.hpp">
      <Filter>Header Files</Filter>
    </ClInclude>
    <ClInclude Include="lwp.h">
      <Filter>Header Files</Filter>
    </ClInclude>
    <ClInclude Include="LWPClient.hpp">
      <Filter>Header Files</Filter>
    </ClInclude>
    <ClInclude Include="..\DesEncryption\podd.h">
      <Filter>Header Files</Filter>
    </ClInclude>
    <ClInclude Include="root.h">
      <Filter>Header Files</Filter>
    </ClInclude>
    <ClInclude Include="SafeInt.hpp">
      <Filter>Header Files</Filter>
    </ClInclude>
    <ClInclude Include="StdAfx.h">
      <Filter>Header Files</Filter>
    </ClInclude>
    <ClInclude Include="temp.h">
      <Filter>Header Files</Filter>
    </ClInclude>
    <ClInclude Include="Thread.h">
      <Filter>Header Files</Filter>
    </ClInclude>
  </ItemGroup>
  <ItemGroup>
    <None Include="ClassDiagram1.cd" />
  </ItemGroup>
  <ItemGroup>
    <Text Include="ReadMe.txt" />
  </ItemGroup>
  <ItemGroup>
    <Library Include="..\..\..\..\Program Files\Microsoft SDKs\Windows\v6.0A\Lib\WS2_32.Lib" />
  </ItemGroup>
</Project>